
Microsoft Visual Studio Solution File, Format Version 11.00
# Visual Studio 2010
Project("{FAE04EC0-301F-11D3-BF4B-00C04F79EFBC}") = "ArcticIT.TribalPlatform.PlugIn", "ArcticITTribalPlatformPlugIn.csproj", "{5000E8CA-0307-42FB-9E5E-9E22B316E875}"
EndProject
Global
	GlobalSection(SolutionConfigurationPlatforms) = preSolution
		Debug|Any CPU = Debug|Any CPU
		Release|Any CPU = Release|Any CPU
	EndGlobalSection
	GlobalSection(ProjectConfigurationPlatforms) = postSolution
		{5000E8CA-0307-42FB-9E5E-9E22B316E875}.Debug|Any CPU.ActiveCfg = Debug|Any CPU
		{5000E8CA-0307-42FB-9E5E-9E22B316E875}.Debug|Any CPU.Build.0 = Debug|Any CPU
		{5000E8CA-0307-42FB-9E5E-9E22B316E875}.Release|Any CPU.ActiveCfg = Release|Any CPU
		{5000E8CA-0307-42FB-9E5E-9E22B316E875}.Release|Any CPU.Build.0 = Release|Any CPU
	EndGlobalSection
	GlobalSection(SolutionProperties) = preSolution
		HideSolutionNode = FALSE
	EndGlobalSection
EndGlobal
