
Microsoft Visual Studio Solution File, Format Version 12.00
# Visual Studio Version 16
VisualStudioVersion = 16.0.34407.143
MinimumVisualStudioVersion = 10.0.40219.1
Project("{F14B399A-7131-4C87-9E4B-1186C45EF12D}") = "Tribal_Reports", "Tribal_Reports.rptproj", "{7003C8B3-C041-4F37-B208-FFF8CADE27C3}"
EndProject
Global
	GlobalSection(SolutionConfigurationPlatforms) = preSolution
		Debug|Default = Debug|Default
		DebugLocal|Default = DebugLocal|Default
		Release|Default = Release|Default
	EndGlobalSection
	GlobalSection(ProjectConfigurationPlatforms) = postSolution
		{7003C8B3-C041-4F37-B208-FFF8CADE27C3}.Debug|Default.ActiveCfg = Debug
		{7003C8B3-C041-4F37-B208-FFF8CADE27C3}.Debug|Default.Build.0 = Debug
		{7003C8B3-C041-4F37-B208-FFF8CADE27C3}.Debug|Default.Deploy.0 = Debug
		{7003C8B3-C041-4F37-B208-FFF8CADE27C3}.DebugLocal|Default.ActiveCfg = DebugLocal
		{7003C8B3-C041-4F37-B208-FFF8CADE27C3}.DebugLocal|Default.Build.0 = DebugLocal
		{7003C8B3-C041-4F37-B208-FFF8CADE27C3}.Release|Default.ActiveCfg = Release
		{7003C8B3-C041-4F37-B208-FFF8CADE27C3}.Release|Default.Build.0 = Release
		{7003C8B3-C041-4F37-B208-FFF8CADE27C3}.Release|Default.Deploy.0 = Release
	EndGlobalSection
	GlobalSection(SolutionProperties) = preSolution
		HideSolutionNode = FALSE
	EndGlobalSection
	GlobalSection(ExtensibilityGlobals) = postSolution
		SolutionGuid = {5FF6ECD3-FA82-4709-BDA3-F10763C5799A}
	EndGlobalSection
EndGlobal
